
Microsoft Visual Studio Solution File, Format Version 12.00
# Visual Studio Version 17
VisualStudioVersion = 17.8.36227.8
MinimumVisualStudioVersion = 10.0.40219.1
Project("{9A19103F-16F7-4668-BE54-9A1E7A4F7556}") = "CRM.Playground.Tests", "CRM.Playground.Tests\CRM.Playground.Tests.csproj", "{CC690951-98DF-4A38-8CAF-87CB4EF37ACB}"
EndProject
Project("{9A19103F-16F7-4668-BE54-9A1E7A4F7556}") = "CRM.Playground.APIGateway", "CRM.Playground.APIGateway\CRM.Playground.APIGateway.csproj", "{CA31A82D-DCD5-4A01-9E54-55BBEEC2A47F}"
EndProject
Project("{9A19103F-16F7-4668-BE54-9A1E7A4F7556}") = "CRM.Playground.Members", "CRM.Playground.Members\CRM.Playground.Members.csproj", "{52203199-BB47-4C26-BF4A-F854EEFEF58B}"
EndProject
Project("{FAE04EC0-301F-11D3-BF4B-00C04F79EFBC}") = "CRM.Playground.Booking", "CRM.Playground.Booking\CRM.Playground.Booking.csproj", "{901D3A16-0A3B-4BC3-998D-ACBCBF99DC0F}"
EndProject
Project("{FAE04EC0-301F-11D3-BF4B-00C04F79EFBC}") = "CRM.Playground.Billing", "CRM.Playground.Billing\CRM.Playground.Billing.csproj", "{FF45BDCD-BFF6-41E6-AFAE-DC1B52CD4908}"
EndProject
Project("{FAE04EC0-301F-11D3-BF4B-00C04F79EFBC}") = "CRM.Playground.CRM", "CRM.Playground.CRM\CRM.Playground.CRM.csproj", "{C3AC9441-9006-4F69-BC6C-2576024C2C96}"
EndProject
Project("{FAE04EC0-301F-11D3-BF4B-00C04F79EFBC}") = "CRM.Playground.AI", "CRM.Playground.AI\CRM.Playground.AI.csproj", "{2F752EC9-4DF5-4FC9-BBD6-4025763B1AEC}"
EndProject
Project("{FAE04EC0-301F-11D3-BF4B-00C04F79EFBC}") = "CRM.Playground.Notifications", "CRM.Playground.Notifications\CRM.Playground.Notifications.csproj", "{0E79DAC6-CAEC-4FE0-89E5-83FCE1F9E524}"
EndProject
Project("{FAE04EC0-301F-11D3-BF4B-00C04F79EFBC}") = "CRM.Playground.Shared", "CRM.Playground.Shared\CRM.Playground.Shared.csproj", "{B36127CC-3EC0-4583-A1A0-4546EFE4CD06}"
EndProject
Project("{FAE04EC0-301F-11D3-BF4B-00C04F79EFBC}") = "CRM.Playground.Contracts", "CRM.Playground.Contracts\CRM.Playground.Contracts.csproj", "{8D567276-68C8-4D33-A394-5490032AD1F0}"
EndProject
Global
	GlobalSection(SolutionConfigurationPlatforms) = preSolution
		Debug|Any CPU = Debug|Any CPU
		Release|Any CPU = Release|Any CPU
	EndGlobalSection
	GlobalSection(ProjectConfigurationPlatforms) = postSolution
		{CC690951-98DF-4A38-8CAF-87CB4EF37ACB}.Debug|Any CPU.ActiveCfg = Debug|Any CPU
		{CC690951-98DF-4A38-8CAF-87CB4EF37ACB}.Debug|Any CPU.Build.0 = Debug|Any CPU
		{CC690951-98DF-4A38-8CAF-87CB4EF37ACB}.Release|Any CPU.ActiveCfg = Release|Any CPU
		{CC690951-98DF-4A38-8CAF-87CB4EF37ACB}.Release|Any CPU.Build.0 = Release|Any CPU
		{CA31A82D-DCD5-4A01-9E54-55BBEEC2A47F}.Debug|Any CPU.ActiveCfg = Debug|Any CPU
		{CA31A82D-DCD5-4A01-9E54-55BBEEC2A47F}.Debug|Any CPU.Build.0 = Debug|Any CPU
		{CA31A82D-DCD5-4A01-9E54-55BBEEC2A47F}.Release|Any CPU.ActiveCfg = Release|Any CPU
		{CA31A82D-DCD5-4A01-9E54-55BBEEC2A47F}.Release|Any CPU.Build.0 = Release|Any CPU
		{52203199-BB47-4C26-BF4A-F854EEFEF58B}.Debug|Any CPU.ActiveCfg = Debug|Any CPU
		{52203199-BB47-4C26-BF4A-F854EEFEF58B}.Debug|Any CPU.Build.0 = Debug|Any CPU
		{52203199-BB47-4C26-BF4A-F854EEFEF58B}.Release|Any CPU.ActiveCfg = Release|Any CPU
		{52203199-BB47-4C26-BF4A-F854EEFEF58B}.Release|Any CPU.Build.0 = Release|Any CPU
		{901D3A16-0A3B-4BC3-998D-ACBCBF99DC0F}.Debug|Any CPU.ActiveCfg = Debug|Any CPU
		{901D3A16-0A3B-4BC3-998D-ACBCBF99DC0F}.Debug|Any CPU.Build.0 = Debug|Any CPU
		{901D3A16-0A3B-4BC3-998D-ACBCBF99DC0F}.Release|Any CPU.ActiveCfg = Release|Any CPU
		{901D3A16-0A3B-4BC3-998D-ACBCBF99DC0F}.Release|Any CPU.Build.0 = Release|Any CPU
		{FF45BDCD-BFF6-41E6-AFAE-DC1B52CD4908}.Debug|Any CPU.ActiveCfg = Debug|Any CPU
		{FF45BDCD-BFF6-41E6-AFAE-DC1B52CD4908}.Debug|Any CPU.Build.0 = Debug|Any CPU
		{FF45BDCD-BFF6-41E6-AFAE-DC1B52CD4908}.Release|Any CPU.ActiveCfg = Release|Any CPU
		{FF45BDCD-BFF6-41E6-AFAE-DC1B52CD4908}.Release|Any CPU.Build.0 = Release|Any CPU
		{C3AC9441-9006-4F69-BC6C-2576024C2C96}.Debug|Any CPU.ActiveCfg = Debug|Any CPU
		{C3AC9441-9006-4F69-BC6C-2576024C2C96}.Debug|Any CPU.Build.0 = Debug|Any CPU
		{C3AC9441-9006-4F69-BC6C-2576024C2C96}.Release|Any CPU.ActiveCfg = Release|Any CPU
		{C3AC9441-9006-4F69-BC6C-2576024C2C96}.Release|Any CPU.Build.0 = Release|Any CPU
		{2F752EC9-4DF5-4FC9-BBD6-4025763B1AEC}.Debug|Any CPU.ActiveCfg = Debug|Any CPU
		{2F752EC9-4DF5-4FC9-BBD6-4025763B1AEC}.Debug|Any CPU.Build.0 = Debug|Any CPU
		{2F752EC9-4DF5-4FC9-BBD6-4025763B1AEC}.Release|Any CPU.ActiveCfg = Release|Any CPU
		{2F752EC9-4DF5-4FC9-BBD6-4025763B1AEC}.Release|Any CPU.Build.0 = Release|Any CPU
		{0E79DAC6-CAEC-4FE0-89E5-83FCE1F9E524}.Debug|Any CPU.ActiveCfg = Debug|Any CPU
		{0E79DAC6-CAEC-4FE0-89E5-83FCE1F9E524}.Debug|Any CPU.Build.0 = Debug|Any CPU
		{0E79DAC6-CAEC-4FE0-89E5-83FCE1F9E524}.Release|Any CPU.ActiveCfg = Release|Any CPU
		{0E79DAC6-CAEC-4FE0-89E5-83FCE1F9E524}.Release|Any CPU.Build.0 = Release|Any CPU
		{B36127CC-3EC0-4583-A1A0-4546EFE4CD06}.Debug|Any CPU.ActiveCfg = Debug|Any CPU
		{B36127CC-3EC0-4583-A1A0-4546EFE4CD06}.Debug|Any CPU.Build.0 = Debug|Any CPU
		{B36127CC-3EC0-4583-A1A0-4546EFE4CD06}.Release|Any CPU.ActiveCfg = Release|Any CPU
		{B36127CC-3EC0-4583-A1A0-4546EFE4CD06}.Release|Any CPU.Build.0 = Release|Any CPU
		{8D567276-68C8-4D33-A394-5490032AD1F0}.Debug|Any CPU.ActiveCfg = Debug|Any CPU
		{8D567276-68C8-4D33-A394-5490032AD1F0}.Debug|Any CPU.Build.0 = Debug|Any CPU
		{8D567276-68C8-4D33-A394-5490032AD1F0}.Release|Any CPU.ActiveCfg = Release|Any CPU
		{8D567276-68C8-4D33-A394-5490032AD1F0}.Release|Any CPU.Build.0 = Release|Any CPU
	EndGlobalSection
	GlobalSection(SolutionProperties) = preSolution
		HideSolutionNode = FALSE
	EndGlobalSection
	GlobalSection(ExtensibilityGlobals) = postSolution
		SolutionGuid = {845634EF-6DC1-48CA-A4C1-2BE0C117D696}
	EndGlobalSection
EndGlobal
